{
  "name": "@jhlagado/z80-services",
  "version": "0.1.0",
  "lockfileVersion": 3,
  "requires": true,
  "packages": {
    "": {
      "name": "@jhlagado/z80-services",
      "version": "0.1.0",
      "license": "GPL-3.0-or-later",
      "devDependencies": {
        "@jhlagado/z80-runtime": "git+https://github.com/jhlagado/z80-runtime.git#e4ee190",
        "@types/node": "^20.19.43",
        "atom-z80": "git+https://github.com/jhlagado/atom.git#33a2a94ca977ef486359f292567f4049273100c9"
      },
      "engines": {
        "node": ">=20"
      }
    },
    "node_modules/@jhlagado/z80-runtime": {
      "version": "0.1.0",
      "resolved": "git+https://github.com/jhlagado/z80-runtime.git#e4ee1907828e286220e541b567ad575114536d23",
      "dev": true,
      "license": "GPL-3.0-or-later",
      "engines": {
        "node": ">=20"
      }
    },
    "node_modules/@jhlagado/z80-tool-services": {
      "version": "0.1.0",
      "resolved": "git+ssh://git@github.com/jhlagado/z80-tool-services.git#6313682d4a9bc3d08d32c11fe054d153ce350720",
      "integrity": "sha512-6HG9dCCwC5WdsZ5FIIxAdx19baqigCrlvKRBDsnXNztSlKhCHIt96LtBYcZufyVJzCgXnz1wMTrJpbrFzZxKBA==",
      "dev": true,
      "license": "GPL-3.0-or-later",
      "engines": {
        "node": ">=20"
      }
    },
    "node_modules/@types/node": {
      "version": "20.19.43",
      "resolved": "https://registry.npmjs.org/@types/node/-/node-20.19.43.tgz",
      "integrity": "sha512-6oYBAi5ikg4Pl+kGsoYtawUMBT2zZMCvPNF7pVLnHZfd1zf38DRiWn/gT01RYCdUqkv7Fhr+C9ot4/tb+2sVvA==",
      "dev": true,
      "license": "MIT",
      "dependencies": {
        "undici-types": "~6.21.0"
      }
    },
    "node_modules/atom-z80": {
      "version": "0.3.0",
      "resolved": "git+ssh://git@github.com/jhlagado/atom.git#33a2a94ca977ef486359f292567f4049273100c9",
      "integrity": "sha512-IkseL2Xdf8dsnwGL0ewDfnjYaHvklujdcvyQ/vOs2+3mkIFGgsp5O0q77MhTPMvvR3Gkz2A8X+vVCGrOR4030A==",
      "dev": true,
      "license": "GPL-3.0-only",
      "dependencies": {
        "@jhlagado/debug80-runtime": "git+https://github.com/jhlagado/debug80-runtime.git#b7343aa8c38c248abbc6ee801b4af270d4843ad6",
        "@jhlagado/z80-tool-services": "git+https://github.com/jhlagado/z80-tool-services.git#6313682d4a9bc3d08d32c11fe054d153ce350720"
      },
      "bin": {
        "atom": "bin/atom.mjs",
        "azm-to-atom": "bin/azm-to-atom.mjs"
      },
      "engines": {
        "node": ">=20"
      }
    },
    "node_modules/atom-z80/node_modules/@jhlagado/debug80-runtime": {
      "version": "0.3.0",
      "resolved": "git+ssh://git@github.com/jhlagado/debug80-runtime.git#b7343aa8c38c248abbc6ee801b4af270d4843ad6",
      "integrity": "sha512-wA/bjmlSUMUo/ZvRgLYalCvifArnZyn1Hu4mKZ7hst19PRb8zU4X0dfOL868bncp7Hk3T1BKDET6tfBp30HYTA==",
      "dev": true,
      "license": "GPL-3.0-or-later",
      "engines": {
        "node": ">=20"
      }
    },
    "node_modules/undici-types": {
      "version": "6.21.0",
      "resolved": "https://registry.npmjs.org/undici-types/-/undici-types-6.21.0.tgz",
      "integrity": "sha512-iwDZqg0QAGrg9Rav5H4n0M64c3mkR59cJ6wQp+7C4nI0gsmExaedaYLNO44eT4AtBBwjbTiGPMlt2Md0T9H9JQ==",
      "dev": true,
      "license": "MIT"
    }
  }
}
